// !$*UTF8*$!
{
	archiveVersion = 1;
	classes = {
	};
	objectVersion = 56;
	objects = {

/* Begin PBXBuildFile section */
		ABD89BDC2980143200CDDD2C /* AppDelegate.swift in Sources */ = {isa = PBXBuildFile; fileRef = ABD89BDB2980143200CDDD2C /* AppDelegate.swift */; };
		ABD89BE02980143200CDDD2C /* LoginViewController.swift in Sources */ = {isa = PBXBuildFile; fileRef = ABD89BDF2980143200CDDD2C /* LoginViewController.swift */; };
		ABD89BE52980143400CDDD2C /* Assets.xcassets in Resources */ = {isa = PBXBuildFile; fileRef = ABD89BE42980143400CDDD2C /* Assets.xcassets */; };
		ABD89BE82980143400CDDD2C /* LaunchScreen.storyboard in Resources */ = {isa = PBXBuildFile; fileRef = ABD89BE62980143400CDDD2C /* LaunchScreen.storyboard */; };
		ABD89BF229801CB600CDDD2C /* LoginView.swift in Sources */ = {isa = PBXBuildFile; fileRef = ABD89BF129801CB600CDDD2C /* LoginView.swift */; };
		ABD89BF5298141B600CDDD2C /* OnboardingContainerViewController.swift in Sources */ = {isa = PBXBuildFile; fileRef = ABD89BF4298141B600CDDD2C /* OnboardingContainerViewController.swift */; };
		ABD89BF729815A2100CDDD2C /* OnboardingViewController.swift in Sources */ = {isa = PBXBuildFile; fileRef = ABD89BF629815A2100CDDD2C /* OnboardingViewController.swift */; };
		ABD89C1E2981841800CDDD2C /* DummyViewController.swift in Sources */ = {isa = PBXBuildFile; fileRef = ABD89C1D2981841800CDDD2C /* DummyViewController.swift */; };
/* End PBXBuildFile section */

/* Begin PBXFileReference section */
		ABD89BD82980143200CDDD2C /* Banker.app */ = {isa = PBXFileReference; explicitFileType = wrapper.application; includeInIndex = 0; path = Banker.app; sourceTree = BUILT_PRODUCTS_DIR; };
		ABD89BDB2980143200CDDD2C /* AppDelegate.swift */ = {isa = PBXFileReference; lastKnownFileType = sourcecode.swift; path = AppDelegate.swift; sourceTree = "<group>"; };
		ABD89BDF2980143200CDDD2C /* LoginViewController.swift */ = {isa = PBXFileReference; lastKnownFileType = sourcecode.swift; path = LoginViewController.swift; sourceTree = "<group>"; };
		ABD89BE42980143400CDDD2C /* Assets.xcassets */ = {isa = PBXFileReference; lastKnownFileType = folder.assetcatalog; path = Assets.xcassets; sourceTree = "<group>"; };
		ABD89BE72980143400CDDD2C /* Base */ = {isa = PBXFileReference; lastKnownFileType = file.storyboard; name = Base; path = Base.lproj/LaunchScreen.storyboard; sourceTree = "<group>"; };
		ABD89BE92980143400CDDD2C /* Info.plist */ = {isa = PBXFileReference; lastKnownFileType = text.plist.xml; path = Info.plist; sourceTree = "<group>"; };
		ABD89BF129801CB600CDDD2C /* LoginView.swift */ = {isa = PBXFileReference; lastKnownFileType = sourcecode.swift; path = LoginView.swift; sourceTree = "<group>"; };
		ABD89BF4298141B600CDDD2C /* OnboardingContainerViewController.swift */ = {isa = PBXFileReference; lastKnownFileType = sourcecode.swift; path = OnboardingContainerViewController.swift; sourceTree = "<group>"; };
		ABD89BF629815A2100CDDD2C /* OnboardingViewController.swift */ = {isa = PBXFileReference; lastKnownFileType = sourcecode.swift; path = OnboardingViewController.swift; sourceTree = "<group>"; };
		ABD89C1D2981841800CDDD2C /* DummyViewController.swift */ = {isa = PBXFileReference; lastKnownFileType = sourcecode.swift; path = DummyViewController.swift; sourceTree = "<group>"; };
/* End PBXFileReference section */

/* Begin PBXFrameworksBuildPhase section */
		ABD89BD52980143200CDDD2C /* Frameworks */ = {
			isa = PBXFrameworksBuildPhase;
			buildActionMask = 2147483647;
			files = (
			);
			runOnlyForDeploymentPostprocessing = 0;
		};
/* End PBXFrameworksBuildPhase section */

/* Begin PBXGroup section */
		ABD89BCF2980143200CDDD2C = {
			isa = PBXGroup;
			children = (
				ABD89BDA2980143200CDDD2C /* Banker */,
				ABD89BEF29801BFD00CDDD2C /* Files */,
				ABD89BD92980143200CDDD2C /* Products */,
			);
			sourceTree = "<group>";
		};
		ABD89BD92980143200CDDD2C /* Products */ = {
			isa = PBXGroup;
			children = (
				ABD89BD82980143200CDDD2C /* Banker.app */,
			);
			name = Products;
			sourceTree = "<group>";
		};
		ABD89BDA2980143200CDDD2C /* Banker */ = {
			isa = PBXGroup;
			children = (
				ABD89BF3298141A000CDDD2C /* Onboarding */,
				ABD89BF029801C1400CDDD2C /* Login */,
				ABD89BDB2980143200CDDD2C /* AppDelegate.swift */,
			);
			path = Banker;
			sourceTree = "<group>";
		};
		ABD89BEF29801BFD00CDDD2C /* Files */ = {
			isa = PBXGroup;
			children = (
				ABD89BE42980143400CDDD2C /* Assets.xcassets */,
				ABD89BE62980143400CDDD2C /* LaunchScreen.storyboard */,
				ABD89BE92980143400CDDD2C /* Info.plist */,
			);
			name = Files;
			path = Banker;
			sourceTree = "<group>";
		};
		ABD89BF029801C1400CDDD2C /* Login */ = {
			isa = PBXGroup;
			children = (
				ABD89BDF2980143200CDDD2C /* LoginViewController.swift */,
				ABD89BF129801CB600CDDD2C /* LoginView.swift */,
				ABD89C1D2981841800CDDD2C /* DummyViewController.swift */,
			);
			path = Login;
			sourceTree = "<group>";
		};
		ABD89BF3298141A000CDDD2C /* Onboarding */ = {
			isa = PBXGroup;
			children = (
				ABD89BF4298141B600CDDD2C /* OnboardingContainerViewController.swift */,
				ABD89BF629815A2100CDDD2C /* OnboardingViewController.swift */,
			);
			path = Onboarding;
			sourceTree = "<group>";
		};
/* End PBXGroup section */

/* Begin PBXNativeTarget section */
		ABD89BD72980143200CDDD2C /* Banker */ = {
			isa = PBXNativeTarget;
			buildConfigurationList = ABD89BEC2980143400CDDD2C /* Build configuration list for PBXNativeTarget "Banker" */;
			buildPhases = (
				ABD89BD42980143200CDDD2C /* Sources */,
				ABD89BD52980143200CDDD2C /* Frameworks */,
				ABD89BD62980143200CDDD2C /* Resources */,
			);
			buildRules = (
			);
			dependencies = (
			);
			name = Banker;
			productName = Banker;
			productReference = ABD89BD82980143200CDDD2C /* Banker.app */;
			productType = "com.apple.product-type.application";
		};
/* End PBXNativeTarget section */

/* Begin PBXProject section */
		ABD89BD02980143200CDDD2C /* Project object */ = {
			isa = PBXProject;
			attributes = {
				BuildIndependentTargetsInParallel = 1;
				LastSwiftUpdateCheck = 1400;
				LastUpgradeCheck = 1400;
				TargetAttributes = {
					ABD89BD72980143200CDDD2C = {
						CreatedOnToolsVersion = 14.0.1;
					};
				};
			};
			buildConfigurationList = ABD89BD32980143200CDDD2C /* Build configuration list for PBXProject "Banker" */;
			compatibilityVersion = "Xcode 14.0";
			developmentRegion = en;
			hasScannedForEncodings = 0;
			knownRegions = (
				en,
				Base,
			);
			mainGroup = ABD89BCF2980143200CDDD2C;
			productRefGroup = ABD89BD92980143200CDDD2C /* Products */;
			projectDirPath = "";
			projectRoot = "";
			targets = (
				ABD89BD72980143200CDDD2C /* Banker */,
			);
		};
/* End PBXProject section */

/* Begin PBXResourcesBuildPhase section */
		ABD89BD62980143200CDDD2C /* Resources */ = {
			isa = PBXResourcesBuildPhase;
			buildActionMask = 2147483647;
			files = (
				ABD89BE82980143400CDDD2C /* LaunchScreen.storyboard in Resources */,
				ABD89BE52980143400CDDD2C /* Assets.xcassets in Resources */,
			);
			runOnlyForDeploymentPostprocessing = 0;
		};
/* End PBXResourcesBuildPhase section */

/* Begin PBXSourcesBuildPhase section */
		ABD89BD42980143200CDDD2C /* Sources */ = {
			isa = PBXSourcesBuildPhase;
			buildActionMask = 2147483647;
			files = (
				ABD89BF229801CB600CDDD2C /* LoginView.swift in Sources */,
				ABD89C1E2981841800CDDD2C /* DummyViewController.swift in Sources */,
				ABD89BE02980143200CDDD2C /* LoginViewController.swift in Sources */,
				ABD89BF729815A2100CDDD2C /* OnboardingViewController.swift in Sources */,
				ABD89BDC2980143200CDDD2C /* AppDelegate.swift in Sources */,
				ABD89BF5298141B600CDDD2C /* OnboardingContainerViewController.swift in Sources */,
			);
			runOnlyForDeploymentPostprocessing = 0;
		};
/* End PBXSourcesBuildPhase section */

/* Begin PBXVariantGroup section */
		ABD89BE62980143400CDDD2C /* LaunchScreen.storyboard */ = {
			isa = PBXVariantGroup;
			children = (
				ABD89BE72980143400CDDD2C /* Base */,
			);
			name = LaunchScreen.storyboard;
			sourceTree = "<group>";
		};
/* End PBXVariantGroup section */

/* Begin XCBuildConfiguration section */
		ABD89BEA2980143400CDDD2C /* Debug */ = {
			isa = XCBuildConfiguration;
			buildSettings = {
				ALWAYS_SEARCH_USER_PATHS = NO;
				CLANG_ANALYZER_NONNULL = YES;
				CLANG_ANALYZER_NUMBER_OBJECT_CONVERSION = YES_AGGRESSIVE;
				CLANG_CXX_LANGUAGE_STANDARD = "gnu++20";
				CLANG_ENABLE_MODULES = YES;
				CLANG_ENABLE_OBJC_ARC = YES;
				CLANG_ENABLE_OBJC_WEAK = YES;
				CLANG_WARN_BLOCK_CAPTURE_AUTORELEASING = YES;
				CLANG_WARN_BOOL_CONVERSION = YES;
				CLANG_WARN_COMMA = YES;
				CLANG_WARN_CONSTANT_CONVERSION = YES;
				CLANG_WARN_DEPRECATED_OBJC_IMPLEMENTATIONS = YES;
				CLANG_WARN_DIRECT_OBJC_ISA_USAGE = YES_ERROR;
				CLANG_WARN_DOCUMENTATION_COMMENTS = YES;
				CLANG_WARN_EMPTY_BODY = YES;
				CLANG_WARN_ENUM_CONVERSION = YES;
				CLANG_WARN_INFINITE_RECURSION = YES;
				CLANG_WARN_INT_CONVERSION = YES;
				CLANG_WARN_NON_LITERAL_NULL_CONVERSION = YES;
				CLANG_WARN_OBJC_IMPLICIT_RETAIN_SELF = YES;
				CLANG_WARN_OBJC_LITERAL_CONVERSION = YES;
				CLANG_WARN_OBJC_ROOT_CLASS = YES_ERROR;
				CLANG_WARN_QUOTED_INCLUDE_IN_FRAMEWORK_HEADER = YES;
				CLANG_WARN_RANGE_LOOP_ANALYSIS = YES;
				CLANG_WARN_STRICT_PROTOTYPES = YES;
				CLANG_WARN_SUSPICIOUS_MOVE = YES;
				CLANG_WARN_UNGUARDED_AVAILABILITY = YES_AGGRESSIVE;
				CLANG_WARN_UNREACHABLE_CODE = YES;
				CLANG_WARN__DUPLICATE_METHOD_MATCH = YES;
				COPY_PHASE_STRIP = NO;
				DEBUG_INFORMATION_FORMAT = dwarf;
				ENABLE_STRICT_OBJC_MSGSEND = YES;
				ENABLE_TESTABILITY = YES;
				GCC_C_LANGUAGE_STANDARD = gnu11;
				GCC_DYNAMIC_NO_PIC = NO;
				GCC_NO_COMMON_BLOCKS = YES;
				GCC_OPTIMIZATION_LEVEL = 0;
				GCC_PREPROCESSOR_DEFINITIONS = (
					"DEBUG=1",
					"$(inherited)",
				);
				GCC_WARN_64_TO_32_BIT_CONVERSION = YES;
				GCC_WARN_ABOUT_RETURN_TYPE = YES_ERROR;
				GCC_WARN_UNDECLARED_SELECTOR = YES;
				GCC_WARN_UNINITIALIZED_AUTOS = YES_AGGRESSIVE;
				GCC_WARN_UNUSED_FUNCTION = YES;
				GCC_WARN_UNUSED_VARIABLE = YES;
				IPHONEOS_DEPLOYMENT_TARGET = 16.0;
				MTL_ENABLE_DEBUG_INFO = INCLUDE_SOURCE;
				MTL_FAST_MATH = YES;
				ONLY_ACTIVE_ARCH = YES;
				SDKROOT = iphoneos;
				SWIFT_ACTIVE_COMPILATION_CONDITIONS = DEBUG;
				SWIFT_OPTIMIZATION_LEVEL = "-Onone";
			};
			name = Debug;
		};
		ABD89BEB2980143400CDDD2C /* Release */ = {
			isa = XCBuildConfiguration;
			buildSettings = {
				ALWAYS_SEARCH_USER_PATHS = NO;
				CLANG_ANALYZER_NONNULL = YES;
				CLANG_ANALYZER_NUMBER_OBJECT_CONVERSION = YES_AGGRESSIVE;
				CLANG_CXX_LANGUAGE_STANDARD = "gnu++20";
				CLANG_ENABLE_MODULES = YES;
				CLANG_ENABLE_OBJC_ARC = YES;
				CLANG_ENABLE_OBJC_WEAK = YES;
				CLANG_WARN_BLOCK_CAPTURE_AUTORELEASING = YES;
				CLANG_WARN_BOOL_CONVERSION = YES;
				CLANG_WARN_COMMA = YES;
				CLANG_WARN_CONSTANT_CONVERSION = YES;
				CLANG_WARN_DEPRECATED_OBJC_IMPLEMENTATIONS = YES;
				CLANG_WARN_DIRECT_OBJC_ISA_USAGE = YES_ERROR;
				CLANG_WARN_DOCUMENTATION_COMMENTS = YES;
				CLANG_WARN_EMPTY_BODY = YES;
				CLANG_WARN_ENUM_CONVERSION = YES;
				CLANG_WARN_INFINITE_RECURSION = YES;
				CLANG_WARN_INT_CONVERSION = YES;
				CLANG_WARN_NON_LITERAL_NULL_CONVERSION = YES;
				CLANG_WARN_OBJC_IMPLICIT_RETAIN_SELF = YES;
				CLANG_WARN_OBJC_LITERAL_CONVERSION = YES;
				CLANG_WARN_OBJC_ROOT_CLASS = YES_ERROR;
				CLANG_WARN_QUOTED_INCLUDE_IN_FRAMEWORK_HEADER = YES;
				CLANG_WARN_RANGE_LOOP_ANALYSIS = YES;
				CLANG_WARN_STRICT_PROTOTYPES = YES;
				CLANG_WARN_SUSPICIOUS_MOVE = YES;
				CLANG_WARN_UNGUARDED_AVAILABILITY = YES_AGGRESSIVE;
				CLANG_WARN_UNREACHABLE_CODE = YES;
				CLANG_WARN__DUPLICATE_METHOD_MATCH = YES;
				COPY_PHASE_STRIP = NO;
				DEBUG_INFORMATION_FORMAT = "dwarf-with-dsym";
				ENABLE_NS_ASSERTIONS = NO;
				ENABLE_STRICT_OBJC_MSGSEND = YES;
				GCC_C_LANGUAGE_STANDARD = gnu11;
				GCC_NO_COMMON_BLOCKS = YES;
				GCC_WARN_64_TO_32_BIT_CONVERSION = YES;
				GCC_WARN_ABOUT_RETURN_TYPE = YES_ERROR;
				GCC_WARN_UNDECLARED_SELECTOR = YES;
				GCC_WARN_UNINITIALIZED_AUTOS = YES_AGGRESSIVE;
				GCC_WARN_UNUSED_FUNCTION = YES;
				GCC_WARN_UNUSED_VARIABLE = YES;
				IPHONEOS_DEPLOYMENT_TARGET = 16.0;
				MTL_ENABLE_DEBUG_INFO = NO;
				MTL_FAST_MATH = YES;
				SDKROOT = iphoneos;
				SWIFT_COMPILATION_MODE = wholemodule;
				SWIFT_OPTIMIZATION_LEVEL = "-O";
				VALIDATE_PRODUCT = YES;
			};
			name = Release;
		};
		ABD89BED2980143400CDDD2C /* Debug */ = {
			isa = XCBuildConfiguration;
			buildSettings = {
				ASSETCATALOG_COMPILER_APPICON_NAME = AppIcon;
				ASSETCATALOG_COMPILER_GLOBAL_ACCENT_COLOR_NAME = AccentColor;
				CODE_SIGN_STYLE = Automatic;
				CURRENT_PROJECT_VERSION = 1;
				DEVELOPMENT_TEAM = 2T2W877SRM;
				GENERATE_INFOPLIST_FILE = YES;
				INFOPLIST_FILE = Banker/Info.plist;
				INFOPLIST_KEY_UIApplicationSupportsIndirectInputEvents = YES;
				INFOPLIST_KEY_UILaunchStoryboardName = LaunchScreen;
				INFOPLIST_KEY_UIMainStoryboardFile = "";
				INFOPLIST_KEY_UISupportedInterfaceOrientations_iPad = "UIInterfaceOrientationPortrait UIInterfaceOrientationPortraitUpsideDown UIInterfaceOrientationLandscapeLeft UIInterfaceOrientationLandscapeRight";
				INFOPLIST_KEY_UISupportedInterfaceOrientations_iPhone = "UIInterfaceOrientationPortrait UIInterfaceOrientationLandscapeLeft UIInterfaceOrientationLandscapeRight";
				LD_RUNPATH_SEARCH_PATHS = (
					"$(inherited)",
					"@executable_path/Frameworks",
				);
				MARKETING_VERSION = 1.0;
				PRODUCT_BUNDLE_IDENTIFIER = com.sharf.Banker;
				PRODUCT_NAME = "$(TARGET_NAME)";
				SWIFT_EMIT_LOC_STRINGS = YES;
				SWIFT_VERSION = 5.0;
				TARGETED_DEVICE_FAMILY = "1,2";
			};
			name = Debug;
		};
		ABD89BEE2980143400CDDD2C /* Release */ = {
			isa = XCBuildConfiguration;
			buildSettings = {
				ASSETCATALOG_COMPILER_APPICON_NAME = AppIcon;
				ASSETCATALOG_COMPILER_GLOBAL_ACCENT_COLOR_NAME = AccentColor;
				CODE_SIGN_STYLE = Automatic;
				CURRENT_PROJECT_VERSION = 1;
				DEVELOPMENT_TEAM = 2T2W877SRM;
				GENERATE_INFOPLIST_FILE = YES;
				INFOPLIST_FILE = Banker/Info.plist;
				INFOPLIST_KEY_UIApplicationSupportsIndirectInputEvents = YES;
				INFOPLIST_KEY_UILaunchStoryboardName = LaunchScreen;
				INFOPLIST_KEY_UIMainStoryboardFile = "";
				INFOPLIST_KEY_UISupportedInterfaceOrientations_iPad = "UIInterfaceOrientationPortrait UIInterfaceOrientationPortraitUpsideDown UIInterfaceOrientationLandscapeLeft UIInterfaceOrientationLandscapeRight";
				INFOPLIST_KEY_UISupportedInterfaceOrientations_iPhone = "UIInterfaceOrientationPortrait UIInterfaceOrientationLandscapeLeft UIInterfaceOrientationLandscapeRight";
				LD_RUNPATH_SEARCH_PATHS = (
					"$(inherited)",
					"@executable_path/Frameworks",
				);
				MARKETING_VERSION = 1.0;
				PRODUCT_BUNDLE_IDENTIFIER = com.sharf.Banker;
				PRODUCT_NAME = "$(TARGET_NAME)";
				SWIFT_EMIT_LOC_STRINGS = YES;
				SWIFT_VERSION = 5.0;
				TARGETED_DEVICE_FAMILY = "1,2";
			};
			name = Release;
		};
/* End XCBuildConfiguration section */

/* Begin XCConfigurationList section */
		ABD89BD32980143200CDDD2C /* Build configuration list for PBXProject "Banker" */ = {
			isa = XCConfigurationList;
			buildConfigurations = (
				ABD89BEA2980143400CDDD2C /* Debug */,
				ABD89BEB2980143400CDDD2C /* Release */,
			);
			defaultConfigurationIsVisible = 0;
			defaultConfigurationName = Release;
		};
		ABD89BEC2980143400CDDD2C /* Build configuration list for PBXNativeTarget "Banker" */ = {
			isa = XCConfigurationList;
			buildConfigurations = (
				ABD89BED2980143400CDDD2C /* Debug */,
				ABD89BEE2980143400CDDD2C /* Release */,
			);
			defaultConfigurationIsVisible = 0;
			defaultConfigurationName = Release;
		};
/* End XCConfigurationList section */
	};
	rootObject = ABD89BD02980143200CDDD2C /* Project object */;
}
